
Microsoft Visual Studio Solution File, Format Version 12.00
# Visual Studio 2015
Project("{FAE04EC0-301F-11D3-BF4B-00C04F79EFBC}") = "Jenga VR.CSharp", "Jenga VR.CSharp.csproj", "{F75426E7-BF64-3A11-458E-111CF0F1C606}"
EndProject
Project("{FAE04EC0-301F-11D3-BF4B-00C04F79EFBC}") = "Jenga VR.CSharp.Editor", "Jenga VR.CSharp.Editor.csproj", "{0C75046C-00BF-3811-8FE5-A39450E6BA85}"
EndProject
Global
	GlobalSection(SolutionConfigurationPlatforms) = preSolution
		Debug|Any CPU = Debug|Any CPU
		Release|Any CPU = Release|Any CPU
	EndGlobalSection
	GlobalSection(ProjectConfigurationPlatforms) = postSolution
		{F75426E7-BF64-3A11-458E-111CF0F1C606}.Debug|Any CPU.ActiveCfg = Debug|Any CPU
		{F75426E7-BF64-3A11-458E-111CF0F1C606}.Debug|Any CPU.Build.0 = Debug|Any CPU
		{F75426E7-BF64-3A11-458E-111CF0F1C606}.Release|Any CPU.ActiveCfg = Release|Any CPU
		{F75426E7-BF64-3A11-458E-111CF0F1C606}.Release|Any CPU.Build.0 = Release|Any CPU
		{0C75046C-00BF-3811-8FE5-A39450E6BA85}.Debug|Any CPU.ActiveCfg = Debug|Any CPU
		{0C75046C-00BF-3811-8FE5-A39450E6BA85}.Debug|Any CPU.Build.0 = Debug|Any CPU
		{0C75046C-00BF-3811-8FE5-A39450E6BA85}.Release|Any CPU.ActiveCfg = Release|Any CPU
		{0C75046C-00BF-3811-8FE5-A39450E6BA85}.Release|Any CPU.Build.0 = Release|Any CPU
	EndGlobalSection
	GlobalSection(SolutionProperties) = preSolution
		HideSolutionNode = FALSE
	EndGlobalSection
EndGlobal
